
Microsoft Visual Studio Solution File, Format Version 12.00
# Visual Studio Version 16
VisualStudioVersion = 16.0.31321.278
MinimumVisualStudioVersion = 10.0.40219.1
Project("{9A19103F-16F7-4668-BE54-9A1E7A4F7556}") = "Microsoft.Dynamics.Nav.CodeAnalysis", "..\..\Platform-ModernDev\source\Prod\Microsoft.Dynamics.Nav.CodeAnalysis\Microsoft.Dynamics.Nav.CodeAnalysis.csproj", "{77CC00C9-D5B4-4E8A-A0A7-4EE177F61860}"
EndProject
Project("{9A19103F-16F7-4668-BE54-9A1E7A4F7556}") = "Synchronizer", "Synchronizer\Synchronizer.csproj", "{3A732D9D-5A1B-4C16-AC83-8CBAA6937D0C}"
EndProject
Project("{9A19103F-16F7-4668-BE54-9A1E7A4F7556}") = "SynchronizerTests", "SynchronizerTests\SynchronizerTests.csproj", "{E23E72A3-ADB0-4160-AD25-CF287406CE14}"
	ProjectSection(ProjectDependencies) = postProject
		{3A732D9D-5A1B-4C16-AC83-8CBAA6937D0C} = {3A732D9D-5A1B-4C16-AC83-8CBAA6937D0C}
	EndProjectSection
EndProject
Global
	GlobalSection(SolutionConfigurationPlatforms) = preSolution
		Debug|Any CPU = Debug|Any CPU
		Release|Any CPU = Release|Any CPU
	EndGlobalSection
	GlobalSection(ProjectConfigurationPlatforms) = postSolution
		{77CC00C9-D5B4-4E8A-A0A7-4EE177F61860}.Debug|Any CPU.ActiveCfg = Debug|Any CPU
		{77CC00C9-D5B4-4E8A-A0A7-4EE177F61860}.Debug|Any CPU.Build.0 = Debug|Any CPU
		{77CC00C9-D5B4-4E8A-A0A7-4EE177F61860}.Release|Any CPU.ActiveCfg = Release|Any CPU
		{77CC00C9-D5B4-4E8A-A0A7-4EE177F61860}.Release|Any CPU.Build.0 = Release|Any CPU
		{3A732D9D-5A1B-4C16-AC83-8CBAA6937D0C}.Debug|Any CPU.ActiveCfg = Debug|Any CPU
		{3A732D9D-5A1B-4C16-AC83-8CBAA6937D0C}.Debug|Any CPU.Build.0 = Debug|Any CPU
		{3A732D9D-5A1B-4C16-AC83-8CBAA6937D0C}.Release|Any CPU.ActiveCfg = Release|Any CPU
		{3A732D9D-5A1B-4C16-AC83-8CBAA6937D0C}.Release|Any CPU.Build.0 = Release|Any CPU
		{E23E72A3-ADB0-4160-AD25-CF287406CE14}.Debug|Any CPU.ActiveCfg = Debug|Any CPU
		{E23E72A3-ADB0-4160-AD25-CF287406CE14}.Debug|Any CPU.Build.0 = Debug|Any CPU
		{E23E72A3-ADB0-4160-AD25-CF287406CE14}.Release|Any CPU.ActiveCfg = Release|Any CPU
		{E23E72A3-ADB0-4160-AD25-CF287406CE14}.Release|Any CPU.Build.0 = Release|Any CPU
	EndGlobalSection
	GlobalSection(SolutionProperties) = preSolution
		HideSolutionNode = FALSE
	EndGlobalSection
	GlobalSection(ExtensibilityGlobals) = postSolution
		SolutionGuid = {E76CF5A2-2322-4E2B-8C80-36427FD132ED}
	EndGlobalSection
EndGlobal
